
Microsoft Visual Studio Solution File, Format Version 12.00
# Visual Studio Version 17
VisualStudioVersion = 17.5.002.0
MinimumVisualStudioVersion = 10.0.40219.1
Project("{9A19103F-16F7-4668-BE54-9A1E7A4F7556}") = "SprayProcessSystem.Model", "SprayProcessSystem.Model.csproj", "{547E9C65-1657-4AB9-91C2-3ACDDF0C8CDF}"
EndProject
Global
	GlobalSection(SolutionConfigurationPlatforms) = preSolution
		Debug|Any CPU = Debug|Any CPU
		Release|Any CPU = Release|Any CPU
	EndGlobalSection
	GlobalSection(ProjectConfigurationPlatforms) = postSolution
		{547E9C65-1657-4AB9-91C2-3ACDDF0C8CDF}.Debug|Any CPU.ActiveCfg = Debug|Any CPU
		{547E9C65-1657-4AB9-91C2-3ACDDF0C8CDF}.Debug|Any CPU.Build.0 = Debug|Any CPU
		{547E9C65-1657-4AB9-91C2-3ACDDF0C8CDF}.Release|Any CPU.ActiveCfg = Release|Any CPU
		{547E9C65-1657-4AB9-91C2-3ACDDF0C8CDF}.Release|Any CPU.Build.0 = Release|Any CPU
	EndGlobalSection
	GlobalSection(SolutionProperties) = preSolution
		HideSolutionNode = FALSE
	EndGlobalSection
	GlobalSection(ExtensibilityGlobals) = postSolution
		SolutionGuid = {C6BF3313-3E4D-426E-850C-3CACF8D56A8C}
	EndGlobalSection
EndGlobal
